
Microsoft Visual Studio Solution File, Format Version 12.00
# Visual Studio Version 16
VisualStudioVersion = 16.0.30413.136
MinimumVisualStudioVersion = 10.0.40219.1
Project("{FAE04EC0-301F-11D3-BF4B-00C04F79EFBC}") = "Conditional_FizzBuzz", "Conditional_FizzBuzz\Conditional_FizzBuzz.csproj", "{1E706337-6486-46C6-89AE-D1B522906381}"
EndProject
Global
	GlobalSection(SolutionConfigurationPlatforms) = preSolution
		Debug|Any CPU = Debug|Any CPU
		Release|Any CPU = Release|Any CPU
	EndGlobalSection
	GlobalSection(ProjectConfigurationPlatforms) = postSolution
		{1E706337-6486-46C6-89AE-D1B522906381}.Debug|Any CPU.ActiveCfg = Debug|Any CPU
		{1E706337-6486-46C6-89AE-D1B522906381}.Debug|Any CPU.Build.0 = Debug|Any CPU
		{1E706337-6486-46C6-89AE-D1B522906381}.Release|Any CPU.ActiveCfg = Release|Any CPU
		{1E706337-6486-46C6-89AE-D1B522906381}.Release|Any CPU.Build.0 = Release|Any CPU
	EndGlobalSection
	GlobalSection(SolutionProperties) = preSolution
		HideSolutionNode = FALSE
	EndGlobalSection
	GlobalSection(ExtensibilityGlobals) = postSolution
		SolutionGuid = {497EEAE7-628F-4863-84EE-2163B00A06BE}
	EndGlobalSection
EndGlobal
