
Microsoft Visual Studio Solution File, Format Version 12.00
# Visual Studio Version 16
VisualStudioVersion = 16.0.30413.136
MinimumVisualStudioVersion = 10.0.40219.1
Project("{9A19103F-16F7-4668-BE54-9A1E7A4F7556}") = "Timetoburn", "Time to burn calories\Timetoburn.csproj", "{4889972B-C5FF-47AE-AAE8-7F5EB40C92C6}"
EndProject
Project("{9A19103F-16F7-4668-BE54-9A1E7A4F7556}") = "Tutor", "Tutor\Tutor.csproj", "{F55C3C7A-1749-45BC-8579-57C596512FB6}"
EndProject
Project("{9A19103F-16F7-4668-BE54-9A1E7A4F7556}") = "Tuition Increase", "Tuition Increase\Tuition Increase.csproj", "{2E8382FE-9C0A-48D0-A860-B867547B020C}"
EndProject
Global
	GlobalSection(SolutionConfigurationPlatforms) = preSolution
		Debug|Any CPU = Debug|Any CPU
		Release|Any CPU = Release|Any CPU
	EndGlobalSection
	GlobalSection(ProjectConfigurationPlatforms) = postSolution
		{4889972B-C5FF-47AE-AAE8-7F5EB40C92C6}.Debug|Any CPU.ActiveCfg = Debug|Any CPU
		{4889972B-C5FF-47AE-AAE8-7F5EB40C92C6}.Debug|Any CPU.Build.0 = Debug|Any CPU
		{4889972B-C5FF-47AE-AAE8-7F5EB40C92C6}.Release|Any CPU.ActiveCfg = Release|Any CPU
		{4889972B-C5FF-47AE-AAE8-7F5EB40C92C6}.Release|Any CPU.Build.0 = Release|Any CPU
		{F55C3C7A-1749-45BC-8579-57C596512FB6}.Debug|Any CPU.ActiveCfg = Debug|Any CPU
		{F55C3C7A-1749-45BC-8579-57C596512FB6}.Debug|Any CPU.Build.0 = Debug|Any CPU
		{F55C3C7A-1749-45BC-8579-57C596512FB6}.Release|Any CPU.ActiveCfg = Release|Any CPU
		{F55C3C7A-1749-45BC-8579-57C596512FB6}.Release|Any CPU.Build.0 = Release|Any CPU
		{2E8382FE-9C0A-48D0-A860-B867547B020C}.Debug|Any CPU.ActiveCfg = Debug|Any CPU
		{2E8382FE-9C0A-48D0-A860-B867547B020C}.Debug|Any CPU.Build.0 = Debug|Any CPU
		{2E8382FE-9C0A-48D0-A860-B867547B020C}.Release|Any CPU.ActiveCfg = Release|Any CPU
		{2E8382FE-9C0A-48D0-A860-B867547B020C}.Release|Any CPU.Build.0 = Release|Any CPU
	EndGlobalSection
	GlobalSection(SolutionProperties) = preSolution
		HideSolutionNode = FALSE
	EndGlobalSection
	GlobalSection(ExtensibilityGlobals) = postSolution
		SolutionGuid = {D16A869C-D427-4A08-8486-3D880C47C654}
	EndGlobalSection
EndGlobal
