
Microsoft Visual Studio Solution File, Format Version 12.00
# Visual Studio Version 16
VisualStudioVersion = 16.0.30413.136
MinimumVisualStudioVersion = 10.0.40219.1
Project("{FAE04EC0-301F-11D3-BF4B-00C04F79EFBC}") = "GPA", "GPA\GPA.csproj", "{DE99BD90-6956-4A39-B998-B9B566F12018}"
EndProject
Project("{FAE04EC0-301F-11D3-BF4B-00C04F79EFBC}") = "Trivia Quiz", "Trivia Quiz\Trivia Quiz.csproj", "{F1C14E16-F859-474E-A36C-50625CF2E52D}"
EndProject
Global
	GlobalSection(SolutionConfigurationPlatforms) = preSolution
		Debug|Any CPU = Debug|Any CPU
		Release|Any CPU = Release|Any CPU
	EndGlobalSection
	GlobalSection(ProjectConfigurationPlatforms) = postSolution
		{DE99BD90-6956-4A39-B998-B9B566F12018}.Debug|Any CPU.ActiveCfg = Debug|Any CPU
		{DE99BD90-6956-4A39-B998-B9B566F12018}.Debug|Any CPU.Build.0 = Debug|Any CPU
		{DE99BD90-6956-4A39-B998-B9B566F12018}.Release|Any CPU.ActiveCfg = Release|Any CPU
		{DE99BD90-6956-4A39-B998-B9B566F12018}.Release|Any CPU.Build.0 = Release|Any CPU
		{F1C14E16-F859-474E-A36C-50625CF2E52D}.Debug|Any CPU.ActiveCfg = Debug|Any CPU
		{F1C14E16-F859-474E-A36C-50625CF2E52D}.Debug|Any CPU.Build.0 = Debug|Any CPU
		{F1C14E16-F859-474E-A36C-50625CF2E52D}.Release|Any CPU.ActiveCfg = Release|Any CPU
		{F1C14E16-F859-474E-A36C-50625CF2E52D}.Release|Any CPU.Build.0 = Release|Any CPU
	EndGlobalSection
	GlobalSection(SolutionProperties) = preSolution
		HideSolutionNode = FALSE
	EndGlobalSection
	GlobalSection(ExtensibilityGlobals) = postSolution
		SolutionGuid = {00DBB1CC-DF22-473D-873E-5C9A749A91D9}
	EndGlobalSection
EndGlobal
